
Microsoft Visual Studio Solution File, Format Version 12.00
# Visual Studio Version 17
VisualStudioVersion = 17.2.32519.379
MinimumVisualStudioVersion = 10.0.40219.1
Project("{9A19103F-16F7-4668-BE54-9A1E7A4F7556}") = "Stella", "src\Stella\Stella.csproj", "{6E983B63-7DB1-404A-8B44-EFAAE8B04B00}"
EndProject
Project("{9A19103F-16F7-4668-BE54-9A1E7A4F7556}") = "Stella.Polling", "src\Stella.Polling\Stella.Polling.csproj", "{C30FB900-C85B-4960-A746-1FA6D8FF26C0}"
EndProject
Project("{9A19103F-16F7-4668-BE54-9A1E7A4F7556}") = "Stella.AspNetCore", "src\Stella.AspNetCore\Stella.AspNetCore.csproj", "{EC6836B7-736F-457E-A9A5-2E62804775DF}"
EndProject
Project("{FAE04EC0-301F-11D3-BF4B-00C04F79EFBC}") = "Stella.Examples.Polling", "examples\Stella.Examples.Polling\Stella.Examples.Polling.csproj", "{0C84CA3F-692E-47B8-80D0-0D6114AB6AB1}"
EndProject
Project("{FAE04EC0-301F-11D3-BF4B-00C04F79EFBC}") = "Stella.Examples.Webhook", "examples\Stella.Examples.Webhook\Stella.Examples.Webhook.csproj", "{DF684942-B9D3-4DA7-A0BF-F42C46296083}"
EndProject
Global
	GlobalSection(SolutionConfigurationPlatforms) = preSolution
		Debug|Any CPU = Debug|Any CPU
		Release|Any CPU = Release|Any CPU
	EndGlobalSection
	GlobalSection(ProjectConfigurationPlatforms) = postSolution
		{6E983B63-7DB1-404A-8B44-EFAAE8B04B00}.Debug|Any CPU.ActiveCfg = Debug|Any CPU
		{6E983B63-7DB1-404A-8B44-EFAAE8B04B00}.Debug|Any CPU.Build.0 = Debug|Any CPU
		{6E983B63-7DB1-404A-8B44-EFAAE8B04B00}.Release|Any CPU.ActiveCfg = Release|Any CPU
		{6E983B63-7DB1-404A-8B44-EFAAE8B04B00}.Release|Any CPU.Build.0 = Release|Any CPU
		{C30FB900-C85B-4960-A746-1FA6D8FF26C0}.Debug|Any CPU.ActiveCfg = Debug|Any CPU
		{C30FB900-C85B-4960-A746-1FA6D8FF26C0}.Debug|Any CPU.Build.0 = Debug|Any CPU
		{C30FB900-C85B-4960-A746-1FA6D8FF26C0}.Release|Any CPU.ActiveCfg = Release|Any CPU
		{C30FB900-C85B-4960-A746-1FA6D8FF26C0}.Release|Any CPU.Build.0 = Release|Any CPU
		{EC6836B7-736F-457E-A9A5-2E62804775DF}.Debug|Any CPU.ActiveCfg = Debug|Any CPU
		{EC6836B7-736F-457E-A9A5-2E62804775DF}.Debug|Any CPU.Build.0 = Debug|Any CPU
		{EC6836B7-736F-457E-A9A5-2E62804775DF}.Release|Any CPU.ActiveCfg = Release|Any CPU
		{EC6836B7-736F-457E-A9A5-2E62804775DF}.Release|Any CPU.Build.0 = Release|Any CPU
		{0C84CA3F-692E-47B8-80D0-0D6114AB6AB1}.Debug|Any CPU.ActiveCfg = Debug|Any CPU
		{0C84CA3F-692E-47B8-80D0-0D6114AB6AB1}.Debug|Any CPU.Build.0 = Debug|Any CPU
		{0C84CA3F-692E-47B8-80D0-0D6114AB6AB1}.Release|Any CPU.ActiveCfg = Release|Any CPU
		{0C84CA3F-692E-47B8-80D0-0D6114AB6AB1}.Release|Any CPU.Build.0 = Release|Any CPU
		{DF684942-B9D3-4DA7-A0BF-F42C46296083}.Debug|Any CPU.ActiveCfg = Debug|Any CPU
		{DF684942-B9D3-4DA7-A0BF-F42C46296083}.Debug|Any CPU.Build.0 = Debug|Any CPU
		{DF684942-B9D3-4DA7-A0BF-F42C46296083}.Release|Any CPU.ActiveCfg = Release|Any CPU
		{DF684942-B9D3-4DA7-A0BF-F42C46296083}.Release|Any CPU.Build.0 = Release|Any CPU
	EndGlobalSection
	GlobalSection(SolutionProperties) = preSolution
		HideSolutionNode = FALSE
	EndGlobalSection
	GlobalSection(ExtensibilityGlobals) = postSolution
		SolutionGuid = {463766AD-BA33-4CC0-9BAF-F72E7DD428D8}
	EndGlobalSection
EndGlobal
